
Microsoft Visual Studio Solution File, Format Version 12.00
Project("{FAE04EC0-301F-11D3-BF4B-00C04F79EFBC}") = "NooliteMqttAdapter", "src\NooliteMqttAdapter\NooliteMqttAdapter.csproj", "{C8CFB107-28AB-4E98-8777-C956ED150015}"
EndProject
Project("{2150E333-8FDC-42A3-9474-1A3956D46DE8}") = "SolutionItems", "SolutionItems", "{4CBC1B59-452A-493F-A1A5-F929B6308F0C}"
ProjectSection(SolutionItems) = preProject
	.dockerignore = .dockerignore
	.gitignore = .gitignore
	Dockerfile = Dockerfile
EndProjectSection
EndProject
Global
	GlobalSection(SolutionConfigurationPlatforms) = preSolution
		Debug|Any CPU = Debug|Any CPU
		Release|Any CPU = Release|Any CPU
	EndGlobalSection
	GlobalSection(ProjectConfigurationPlatforms) = postSolution
		{C8CFB107-28AB-4E98-8777-C956ED150015}.Debug|Any CPU.ActiveCfg = Debug|Any CPU
		{C8CFB107-28AB-4E98-8777-C956ED150015}.Debug|Any CPU.Build.0 = Debug|Any CPU
		{C8CFB107-28AB-4E98-8777-C956ED150015}.Release|Any CPU.ActiveCfg = Release|Any CPU
		{C8CFB107-28AB-4E98-8777-C956ED150015}.Release|Any CPU.Build.0 = Release|Any CPU
	EndGlobalSection
EndGlobal
